// !$*UTF8*$!
{
	archiveVersion = 1;
	classes = {
	};
	objectVersion = 50;
	objects = {

/* Begin PBXBuildFile section */
		A0272A5F224B04EA00854E82 /* AppDelegate.swift in Sources */ = {isa = PBXBuildFile; fileRef = A0272A5E224B04EA00854E82 /* AppDelegate.swift */; };
		A0272A66224B04EC00854E82 /* Assets.xcassets in Resources */ = {isa = PBXBuildFile; fileRef = A0272A65224B04EC00854E82 /* Assets.xcassets */; };
		A0272A69224B04EC00854E82 /* LaunchScreen.storyboard in Resources */ = {isa = PBXBuildFile; fileRef = A0272A67224B04EC00854E82 /* LaunchScreen.storyboard */; };
		A0272A74224B04EC00854E82 /* MarvelTests.swift in Sources */ = {isa = PBXBuildFile; fileRef = A0272A73224B04EC00854E82 /* MarvelTests.swift */; };
		A0272A80224B06B400854E82 /* ViewConfiguration.swift in Sources */ = {isa = PBXBuildFile; fileRef = A0272A7F224B06B400854E82 /* ViewConfiguration.swift */; };
		A0272A83224B06E800854E82 /* HeroListViewController.swift in Sources */ = {isa = PBXBuildFile; fileRef = A0272A82224B06E800854E82 /* HeroListViewController.swift */; };
		A0272A86224B085100854E82 /* HeroListView.swift in Sources */ = {isa = PBXBuildFile; fileRef = A0272A85224B085100854E82 /* HeroListView.swift */; };
		A0272A8A224B0A2000854E82 /* MarvelService.swift in Sources */ = {isa = PBXBuildFile; fileRef = A0272A89224B0A2000854E82 /* MarvelService.swift */; };
		A0272A8C224B0A6F00854E82 /* MarvelServiceProvider.swift in Sources */ = {isa = PBXBuildFile; fileRef = A0272A8B224B0A6F00854E82 /* MarvelServiceProvider.swift */; };
		A0272A8E224B0B0E00854E82 /* Keys.swift in Sources */ = {isa = PBXBuildFile; fileRef = A0272A8D224B0B0E00854E82 /* Keys.swift */; };
		A0272A91224B110E00854E82 /* HeroTableViewCell.swift in Sources */ = {isa = PBXBuildFile; fileRef = A0272A90224B110E00854E82 /* HeroTableViewCell.swift */; };
		A0272A93224B159C00854E82 /* Reusable.swift in Sources */ = {isa = PBXBuildFile; fileRef = A0272A92224B159C00854E82 /* Reusable.swift */; };
		A0272A96224B1F1100854E82 /* MarvelHero.swift in Sources */ = {isa = PBXBuildFile; fileRef = A0272A95224B1F1100854E82 /* MarvelHero.swift */; };
		A0272A9B224B28CA00854E82 /* HeroListRepository.swift in Sources */ = {isa = PBXBuildFile; fileRef = A0272A9A224B28CA00854E82 /* HeroListRepository.swift */; };
		A0272A9D224B2C4700854E82 /* ViewState.swift in Sources */ = {isa = PBXBuildFile; fileRef = A0272A9C224B2C4700854E82 /* ViewState.swift */; };
		A0272A9F224B305D00854E82 /* HeroCellViewModel.swift in Sources */ = {isa = PBXBuildFile; fileRef = A0272A9E224B305D00854E82 /* HeroCellViewModel.swift */; };
		A0272AA1224B312D00854E82 /* HeroListTableViewManager.swift in Sources */ = {isa = PBXBuildFile; fileRef = A0272AA0224B312D00854E82 /* HeroListTableViewManager.swift */; };
		A0272AA4224B330200854E82 /* UIImageView+URL.swift in Sources */ = {isa = PBXBuildFile; fileRef = A0272AA3224B330200854E82 /* UIImageView+URL.swift */; };
		A0272AA6224B3BF800854E82 /* String+MD5.swift in Sources */ = {isa = PBXBuildFile; fileRef = A0272AA5224B3BF800854E82 /* String+MD5.swift */; };
		A0272AA8224B3CF600854E82 /* Date+Timestamp.swift in Sources */ = {isa = PBXBuildFile; fileRef = A0272AA7224B3CF600854E82 /* Date+Timestamp.swift */; };
/* End PBXBuildFile section */

/* Begin PBXContainerItemProxy section */
		A0272A70224B04EC00854E82 /* PBXContainerItemProxy */ = {
			isa = PBXContainerItemProxy;
			containerPortal = A0272A53224B04EA00854E82 /* Project object */;
			proxyType = 1;
			remoteGlobalIDString = A0272A5A224B04EA00854E82;
			remoteInfo = Marvel;
		};
/* End PBXContainerItemProxy section */

/* Begin PBXFileReference section */
		A0272A5B224B04EA00854E82 /* Marvel.app */ = {isa = PBXFileReference; explicitFileType = wrapper.application; includeInIndex = 0; path = Marvel.app; sourceTree = BUILT_PRODUCTS_DIR; };
		A0272A5E224B04EA00854E82 /* AppDelegate.swift */ = {isa = PBXFileReference; lastKnownFileType = sourcecode.swift; path = AppDelegate.swift; sourceTree = "<group>"; };
		A0272A65224B04EC00854E82 /* Assets.xcassets */ = {isa = PBXFileReference; lastKnownFileType = folder.assetcatalog; path = Assets.xcassets; sourceTree = "<group>"; };
		A0272A68224B04EC00854E82 /* Base */ = {isa = PBXFileReference; lastKnownFileType = file.storyboard; name = Base; path = Base.lproj/LaunchScreen.storyboard; sourceTree = "<group>"; };
		A0272A6A224B04EC00854E82 /* Info.plist */ = {isa = PBXFileReference; lastKnownFileType = text.plist.xml; path = Info.plist; sourceTree = "<group>"; };
		A0272A6F224B04EC00854E82 /* MarvelTests.xctest */ = {isa = PBXFileReference; explicitFileType = wrapper.cfbundle; includeInIndex = 0; path = MarvelTests.xctest; sourceTree = BUILT_PRODUCTS_DIR; };
		A0272A73224B04EC00854E82 /* MarvelTests.swift */ = {isa = PBXFileReference; lastKnownFileType = sourcecode.swift; path = MarvelTests.swift; sourceTree = "<group>"; };
		A0272A75224B04EC00854E82 /* Info.plist */ = {isa = PBXFileReference; lastKnownFileType = text.plist.xml; path = Info.plist; sourceTree = "<group>"; };
		A0272A7F224B06B400854E82 /* ViewConfiguration.swift */ = {isa = PBXFileReference; lastKnownFileType = sourcecode.swift; path = ViewConfiguration.swift; sourceTree = "<group>"; };
		A0272A82224B06E800854E82 /* HeroListViewController.swift */ = {isa = PBXFileReference; lastKnownFileType = sourcecode.swift; path = HeroListViewController.swift; sourceTree = "<group>"; };
		A0272A85224B085100854E82 /* HeroListView.swift */ = {isa = PBXFileReference; lastKnownFileType = sourcecode.swift; path = HeroListView.swift; sourceTree = "<group>"; };
		A0272A89224B0A2000854E82 /* MarvelService.swift */ = {isa = PBXFileReference; lastKnownFileType = sourcecode.swift; path = MarvelService.swift; sourceTree = "<group>"; };
		A0272A8B224B0A6F00854E82 /* MarvelServiceProvider.swift */ = {isa = PBXFileReference; lastKnownFileType = sourcecode.swift; path = MarvelServiceProvider.swift; sourceTree = "<group>"; };
		A0272A8D224B0B0E00854E82 /* Keys.swift */ = {isa = PBXFileReference; lastKnownFileType = sourcecode.swift; path = Keys.swift; sourceTree = "<group>"; };
		A0272A90224B110E00854E82 /* HeroTableViewCell.swift */ = {isa = PBXFileReference; lastKnownFileType = sourcecode.swift; path = HeroTableViewCell.swift; sourceTree = "<group>"; };
		A0272A92224B159C00854E82 /* Reusable.swift */ = {isa = PBXFileReference; lastKnownFileType = sourcecode.swift; path = Reusable.swift; sourceTree = "<group>"; };
		A0272A95224B1F1100854E82 /* MarvelHero.swift */ = {isa = PBXFileReference; lastKnownFileType = sourcecode.swift; path = MarvelHero.swift; sourceTree = "<group>"; };
		A0272A9A224B28CA00854E82 /* HeroListRepository.swift */ = {isa = PBXFileReference; lastKnownFileType = sourcecode.swift; path = HeroListRepository.swift; sourceTree = "<group>"; };
		A0272A9C224B2C4700854E82 /* ViewState.swift */ = {isa = PBXFileReference; lastKnownFileType = sourcecode.swift; path = ViewState.swift; sourceTree = "<group>"; };
		A0272A9E224B305D00854E82 /* HeroCellViewModel.swift */ = {isa = PBXFileReference; lastKnownFileType = sourcecode.swift; path = HeroCellViewModel.swift; sourceTree = "<group>"; };
		A0272AA0224B312D00854E82 /* HeroListTableViewManager.swift */ = {isa = PBXFileReference; lastKnownFileType = sourcecode.swift; path = HeroListTableViewManager.swift; sourceTree = "<group>"; };
		A0272AA3224B330200854E82 /* UIImageView+URL.swift */ = {isa = PBXFileReference; lastKnownFileType = sourcecode.swift; path = "UIImageView+URL.swift"; sourceTree = "<group>"; };
		A0272AA5224B3BF800854E82 /* String+MD5.swift */ = {isa = PBXFileReference; lastKnownFileType = sourcecode.swift; path = "String+MD5.swift"; sourceTree = "<group>"; };
		A0272AA7224B3CF600854E82 /* Date+Timestamp.swift */ = {isa = PBXFileReference; lastKnownFileType = sourcecode.swift; path = "Date+Timestamp.swift"; sourceTree = "<group>"; };
/* End PBXFileReference section */

/* Begin PBXFrameworksBuildPhase section */
		A0272A58224B04EA00854E82 /* Frameworks */ = {
			isa = PBXFrameworksBuildPhase;
			buildActionMask = 2147483647;
			files = (
			);
			runOnlyForDeploymentPostprocessing = 0;
		};
		A0272A6C224B04EC00854E82 /* Frameworks */ = {
			isa = PBXFrameworksBuildPhase;
			buildActionMask = 2147483647;
			files = (
			);
			runOnlyForDeploymentPostprocessing = 0;
		};
/* End PBXFrameworksBuildPhase section */

/* Begin PBXGroup section */
		A0272A52224B04EA00854E82 = {
			isa = PBXGroup;
			children = (
				A0272A5D224B04EA00854E82 /* Marvel */,
				A0272A72224B04EC00854E82 /* MarvelTests */,
				A0272A5C224B04EA00854E82 /* Products */,
			);
			sourceTree = "<group>";
		};
		A0272A5C224B04EA00854E82 /* Products */ = {
			isa = PBXGroup;
			children = (
				A0272A5B224B04EA00854E82 /* Marvel.app */,
				A0272A6F224B04EC00854E82 /* MarvelTests.xctest */,
			);
			name = Products;
			sourceTree = "<group>";
		};
		A0272A5D224B04EA00854E82 /* Marvel */ = {
			isa = PBXGroup;
			children = (
				A0272A81224B06D100854E82 /* HeroList */,
				A0272A7E224B06A500854E82 /* Common */,
				A0272A5E224B04EA00854E82 /* AppDelegate.swift */,
				A0272A65224B04EC00854E82 /* Assets.xcassets */,
				A0272A67224B04EC00854E82 /* LaunchScreen.storyboard */,
				A0272A6A224B04EC00854E82 /* Info.plist */,
			);
			path = Marvel;
			sourceTree = "<group>";
		};
		A0272A72224B04EC00854E82 /* MarvelTests */ = {
			isa = PBXGroup;
			children = (
				A0272A73224B04EC00854E82 /* MarvelTests.swift */,
				A0272A75224B04EC00854E82 /* Info.plist */,
			);
			path = MarvelTests;
			sourceTree = "<group>";
		};
		A0272A7E224B06A500854E82 /* Common */ = {
			isa = PBXGroup;
			children = (
				A0272AA2224B32EB00854E82 /* Extensions */,
				A0272A94224B1F0400854E82 /* Models */,
				A0272A88224B09EC00854E82 /* Networking */,
				A0272A87224B09E400854E82 /* Protocols */,
				A0272A8D224B0B0E00854E82 /* Keys.swift */,
			);
			path = Common;
			sourceTree = "<group>";
		};
		A0272A81224B06D100854E82 /* HeroList */ = {
			isa = PBXGroup;
			children = (
				A0272A99224B28BD00854E82 /* Repositories */,
				A0272A8F224B0BEE00854E82 /* Views */,
				A0272A82224B06E800854E82 /* HeroListViewController.swift */,
				A0272A9E224B305D00854E82 /* HeroCellViewModel.swift */,
				A0272AA0224B312D00854E82 /* HeroListTableViewManager.swift */,
			);
			path = HeroList;
			sourceTree = "<group>";
		};
		A0272A87224B09E400854E82 /* Protocols */ = {
			isa = PBXGroup;
			children = (
				A0272A7F224B06B400854E82 /* ViewConfiguration.swift */,
				A0272A92224B159C00854E82 /* Reusable.swift */,
				A0272A9C224B2C4700854E82 /* ViewState.swift */,
			);
			path = Protocols;
			sourceTree = "<group>";
		};
		A0272A88224B09EC00854E82 /* Networking */ = {
			isa = PBXGroup;
			children = (
				A0272A89224B0A2000854E82 /* MarvelService.swift */,
				A0272A8B224B0A6F00854E82 /* MarvelServiceProvider.swift */,
			);
			path = Networking;
			sourceTree = "<group>";
		};
		A0272A8F224B0BEE00854E82 /* Views */ = {
			isa = PBXGroup;
			children = (
				A0272A85224B085100854E82 /* HeroListView.swift */,
				A0272A90224B110E00854E82 /* HeroTableViewCell.swift */,
			);
			path = Views;
			sourceTree = "<group>";
		};
		A0272A94224B1F0400854E82 /* Models */ = {
			isa = PBXGroup;
			children = (
				A0272A95224B1F1100854E82 /* MarvelHero.swift */,
			);
			path = Models;
			sourceTree = "<group>";
		};
		A0272A99224B28BD00854E82 /* Repositories */ = {
			isa = PBXGroup;
			children = (
				A0272A9A224B28CA00854E82 /* HeroListRepository.swift */,
			);
			path = Repositories;
			sourceTree = "<group>";
		};
		A0272AA2224B32EB00854E82 /* Extensions */ = {
			isa = PBXGroup;
			children = (
				A0272AA3224B330200854E82 /* UIImageView+URL.swift */,
				A0272AA5224B3BF800854E82 /* String+MD5.swift */,
				A0272AA7224B3CF600854E82 /* Date+Timestamp.swift */,
			);
			path = Extensions;
			sourceTree = "<group>";
		};
/* End PBXGroup section */

/* Begin PBXNativeTarget section */
		A0272A5A224B04EA00854E82 /* Marvel */ = {
			isa = PBXNativeTarget;
			buildConfigurationList = A0272A78224B04EC00854E82 /* Build configuration list for PBXNativeTarget "Marvel" */;
			buildPhases = (
				A0272A57224B04EA00854E82 /* Sources */,
				A0272A58224B04EA00854E82 /* Frameworks */,
				A0272A59224B04EA00854E82 /* Resources */,
				A0272A84224B07F500854E82 /* Run Swiftlint */,
			);
			buildRules = (
			);
			dependencies = (
			);
			name = Marvel;
			productName = Marvel;
			productReference = A0272A5B224B04EA00854E82 /* Marvel.app */;
			productType = "com.apple.product-type.application";
		};
		A0272A6E224B04EC00854E82 /* MarvelTests */ = {
			isa = PBXNativeTarget;
			buildConfigurationList = A0272A7B224B04EC00854E82 /* Build configuration list for PBXNativeTarget "MarvelTests" */;
			buildPhases = (
				A0272A6B224B04EC00854E82 /* Sources */,
				A0272A6C224B04EC00854E82 /* Frameworks */,
				A0272A6D224B04EC00854E82 /* Resources */,
			);
			buildRules = (
			);
			dependencies = (
				A0272A71224B04EC00854E82 /* PBXTargetDependency */,
			);
			name = MarvelTests;
			productName = MarvelTests;
			productReference = A0272A6F224B04EC00854E82 /* MarvelTests.xctest */;
			productType = "com.apple.product-type.bundle.unit-test";
		};
/* End PBXNativeTarget section */

/* Begin PBXProject section */
		A0272A53224B04EA00854E82 /* Project object */ = {
			isa = PBXProject;
			attributes = {
				LastSwiftUpdateCheck = 1020;
				LastUpgradeCheck = 1020;
				ORGANIZATIONNAME = "Lucas Salton Cardinali";
				TargetAttributes = {
					A0272A5A224B04EA00854E82 = {
						CreatedOnToolsVersion = 10.2;
					};
					A0272A6E224B04EC00854E82 = {
						CreatedOnToolsVersion = 10.2;
						TestTargetID = A0272A5A224B04EA00854E82;
					};
				};
			};
			buildConfigurationList = A0272A56224B04EA00854E82 /* Build configuration list for PBXProject "Marvel" */;
			compatibilityVersion = "Xcode 9.3";
			developmentRegion = en;
			hasScannedForEncodings = 0;
			knownRegions = (
				en,
				Base,
			);
			mainGroup = A0272A52224B04EA00854E82;
			productRefGroup = A0272A5C224B04EA00854E82 /* Products */;
			projectDirPath = "";
			projectRoot = "";
			targets = (
				A0272A5A224B04EA00854E82 /* Marvel */,
				A0272A6E224B04EC00854E82 /* MarvelTests */,
			);
		};
/* End PBXProject section */

/* Begin PBXResourcesBuildPhase section */
		A0272A59224B04EA00854E82 /* Resources */ = {
			isa = PBXResourcesBuildPhase;
			buildActionMask = 2147483647;
			files = (
				A0272A69224B04EC00854E82 /* LaunchScreen.storyboard in Resources */,
				A0272A66224B04EC00854E82 /* Assets.xcassets in Resources */,
			);
			runOnlyForDeploymentPostprocessing = 0;
		};
		A0272A6D224B04EC00854E82 /* Resources */ = {
			isa = PBXResourcesBuildPhase;
			buildActionMask = 2147483647;
			files = (
			);
			runOnlyForDeploymentPostprocessing = 0;
		};
/* End PBXResourcesBuildPhase section */

/* Begin PBXShellScriptBuildPhase section */
		A0272A84224B07F500854E82 /* Run Swiftlint */ = {
			isa = PBXShellScriptBuildPhase;
			buildActionMask = 2147483647;
			files = (
			);
			inputFileListPaths = (
			);
			inputPaths = (
			);
			name = "Run Swiftlint";
			outputFileListPaths = (
			);
			outputPaths = (
			);
			runOnlyForDeploymentPostprocessing = 0;
			shellPath = /bin/sh;
			shellScript = "if which swiftlint >/dev/null; then\n    swiftlint\nelse\n    echo \"warning: SwiftLint not installed, download from https://github.com/realm/SwiftLint\"\nfi\n";
		};
/* End PBXShellScriptBuildPhase section */

/* Begin PBXSourcesBuildPhase section */
		A0272A57224B04EA00854E82 /* Sources */ = {
			isa = PBXSourcesBuildPhase;
			buildActionMask = 2147483647;
			files = (
				A0272A83224B06E800854E82 /* HeroListViewController.swift in Sources */,
				A0272A5F224B04EA00854E82 /* AppDelegate.swift in Sources */,
				A0272A9D224B2C4700854E82 /* ViewState.swift in Sources */,
				A0272AA6224B3BF800854E82 /* String+MD5.swift in Sources */,
				A0272A86224B085100854E82 /* HeroListView.swift in Sources */,
				A0272A93224B159C00854E82 /* Reusable.swift in Sources */,
				A0272A91224B110E00854E82 /* HeroTableViewCell.swift in Sources */,
				A0272A9B224B28CA00854E82 /* HeroListRepository.swift in Sources */,
				A0272A8A224B0A2000854E82 /* MarvelService.swift in Sources */,
				A0272A8E224B0B0E00854E82 /* Keys.swift in Sources */,
				A0272A80224B06B400854E82 /* ViewConfiguration.swift in Sources */,
				A0272A96224B1F1100854E82 /* MarvelHero.swift in Sources */,
				A0272AA4224B330200854E82 /* UIImageView+URL.swift in Sources */,
				A0272A8C224B0A6F00854E82 /* MarvelServiceProvider.swift in Sources */,
				A0272A9F224B305D00854E82 /* HeroCellViewModel.swift in Sources */,
				A0272AA1224B312D00854E82 /* HeroListTableViewManager.swift in Sources */,
				A0272AA8224B3CF600854E82 /* Date+Timestamp.swift in Sources */,
			);
			runOnlyForDeploymentPostprocessing = 0;
		};
		A0272A6B224B04EC00854E82 /* Sources */ = {
			isa = PBXSourcesBuildPhase;
			buildActionMask = 2147483647;
			files = (
				A0272A74224B04EC00854E82 /* MarvelTests.swift in Sources */,
			);
			runOnlyForDeploymentPostprocessing = 0;
		};
/* End PBXSourcesBuildPhase section */

/* Begin PBXTargetDependency section */
		A0272A71224B04EC00854E82 /* PBXTargetDependency */ = {
			isa = PBXTargetDependency;
			target = A0272A5A224B04EA00854E82 /* Marvel */;
			targetProxy = A0272A70224B04EC00854E82 /* PBXContainerItemProxy */;
		};
/* End PBXTargetDependency section */

/* Begin PBXVariantGroup section */
		A0272A67224B04EC00854E82 /* LaunchScreen.storyboard */ = {
			isa = PBXVariantGroup;
			children = (
				A0272A68224B04EC00854E82 /* Base */,
			);
			name = LaunchScreen.storyboard;
			sourceTree = "<group>";
		};
/* End PBXVariantGroup section */

/* Begin XCBuildConfiguration section */
		A0272A76224B04EC00854E82 /* Debug */ = {
			isa = XCBuildConfiguration;
			buildSettings = {
				ALWAYS_SEARCH_USER_PATHS = NO;
				CLANG_ANALYZER_NONNULL = YES;
				CLANG_ANALYZER_NUMBER_OBJECT_CONVERSION = YES_AGGRESSIVE;
				CLANG_CXX_LANGUAGE_STANDARD = "gnu++14";
				CLANG_CXX_LIBRARY = "libc++";
				CLANG_ENABLE_MODULES = YES;
				CLANG_ENABLE_OBJC_ARC = YES;
				CLANG_ENABLE_OBJC_WEAK = YES;
				CLANG_WARN_BLOCK_CAPTURE_AUTORELEASING = YES;
				CLANG_WARN_BOOL_CONVERSION = YES;
				CLANG_WARN_COMMA = YES;
				CLANG_WARN_CONSTANT_CONVERSION = YES;
				CLANG_WARN_DEPRECATED_OBJC_IMPLEMENTATIONS = YES;
				CLANG_WARN_DIRECT_OBJC_ISA_USAGE = YES_ERROR;
				CLANG_WARN_DOCUMENTATION_COMMENTS = YES;
				CLANG_WARN_EMPTY_BODY = YES;
				CLANG_WARN_ENUM_CONVERSION = YES;
				CLANG_WARN_INFINITE_RECURSION = YES;
				CLANG_WARN_INT_CONVERSION = YES;
				CLANG_WARN_NON_LITERAL_NULL_CONVERSION = YES;
				CLANG_WARN_OBJC_IMPLICIT_RETAIN_SELF = YES;
				CLANG_WARN_OBJC_LITERAL_CONVERSION = YES;
				CLANG_WARN_OBJC_ROOT_CLASS = YES_ERROR;
				CLANG_WARN_RANGE_LOOP_ANALYSIS = YES;
				CLANG_WARN_STRICT_PROTOTYPES = YES;
				CLANG_WARN_SUSPICIOUS_MOVE = YES;
				CLANG_WARN_UNGUARDED_AVAILABILITY = YES_AGGRESSIVE;
				CLANG_WARN_UNREACHABLE_CODE = YES;
				CLANG_WARN__DUPLICATE_METHOD_MATCH = YES;
				CODE_SIGN_IDENTITY = "iPhone Developer";
				COPY_PHASE_STRIP = NO;
				DEBUG_INFORMATION_FORMAT = dwarf;
				ENABLE_STRICT_OBJC_MSGSEND = YES;
				ENABLE_TESTABILITY = YES;
				GCC_C_LANGUAGE_STANDARD = gnu11;
				GCC_DYNAMIC_NO_PIC = NO;
				GCC_NO_COMMON_BLOCKS = YES;
				GCC_OPTIMIZATION_LEVEL = 0;
				GCC_PREPROCESSOR_DEFINITIONS = (
					"DEBUG=1",
					"$(inherited)",
				);
				GCC_WARN_64_TO_32_BIT_CONVERSION = YES;
				GCC_WARN_ABOUT_RETURN_TYPE = YES_ERROR;
				GCC_WARN_UNDECLARED_SELECTOR = YES;
				GCC_WARN_UNINITIALIZED_AUTOS = YES_AGGRESSIVE;
				GCC_WARN_UNUSED_FUNCTION = YES;
				GCC_WARN_UNUSED_VARIABLE = YES;
				IPHONEOS_DEPLOYMENT_TARGET = 12.2;
				MTL_ENABLE_DEBUG_INFO = INCLUDE_SOURCE;
				MTL_FAST_MATH = YES;
				ONLY_ACTIVE_ARCH = YES;
				SDKROOT = iphoneos;
				SWIFT_ACTIVE_COMPILATION_CONDITIONS = DEBUG;
				SWIFT_OPTIMIZATION_LEVEL = "-Onone";
			};
			name = Debug;
		};
		A0272A77224B04EC00854E82 /* Release */ = {
			isa = XCBuildConfiguration;
			buildSettings = {
				ALWAYS_SEARCH_USER_PATHS = NO;
				CLANG_ANALYZER_NONNULL = YES;
				CLANG_ANALYZER_NUMBER_OBJECT_CONVERSION = YES_AGGRESSIVE;
				CLANG_CXX_LANGUAGE_STANDARD = "gnu++14";
				CLANG_CXX_LIBRARY = "libc++";
				CLANG_ENABLE_MODULES = YES;
				CLANG_ENABLE_OBJC_ARC = YES;
				CLANG_ENABLE_OBJC_WEAK = YES;
				CLANG_WARN_BLOCK_CAPTURE_AUTORELEASING = YES;
				CLANG_WARN_BOOL_CONVERSION = YES;
				CLANG_WARN_COMMA = YES;
				CLANG_WARN_CONSTANT_CONVERSION = YES;
				CLANG_WARN_DEPRECATED_OBJC_IMPLEMENTATIONS = YES;
				CLANG_WARN_DIRECT_OBJC_ISA_USAGE = YES_ERROR;
				CLANG_WARN_DOCUMENTATION_COMMENTS = YES;
				CLANG_WARN_EMPTY_BODY = YES;
				CLANG_WARN_ENUM_CONVERSION = YES;
				CLANG_WARN_INFINITE_RECURSION = YES;
				CLANG_WARN_INT_CONVERSION = YES;
				CLANG_WARN_NON_LITERAL_NULL_CONVERSION = YES;
				CLANG_WARN_OBJC_IMPLICIT_RETAIN_SELF = YES;
				CLANG_WARN_OBJC_LITERAL_CONVERSION = YES;
				CLANG_WARN_OBJC_ROOT_CLASS = YES_ERROR;
				CLANG_WARN_RANGE_LOOP_ANALYSIS = YES;
				CLANG_WARN_STRICT_PROTOTYPES = YES;
				CLANG_WARN_SUSPICIOUS_MOVE = YES;
				CLANG_WARN_UNGUARDED_AVAILABILITY = YES_AGGRESSIVE;
				CLANG_WARN_UNREACHABLE_CODE = YES;
				CLANG_WARN__DUPLICATE_METHOD_MATCH = YES;
				CODE_SIGN_IDENTITY = "iPhone Developer";
				COPY_PHASE_STRIP = NO;
				DEBUG_INFORMATION_FORMAT = "dwarf-with-dsym";
				ENABLE_NS_ASSERTIONS = NO;
				ENABLE_STRICT_OBJC_MSGSEND = YES;
				GCC_C_LANGUAGE_STANDARD = gnu11;
				GCC_NO_COMMON_BLOCKS = YES;
				GCC_WARN_64_TO_32_BIT_CONVERSION = YES;
				GCC_WARN_ABOUT_RETURN_TYPE = YES_ERROR;
				GCC_WARN_UNDECLARED_SELECTOR = YES;
				GCC_WARN_UNINITIALIZED_AUTOS = YES_AGGRESSIVE;
				GCC_WARN_UNUSED_FUNCTION = YES;
				GCC_WARN_UNUSED_VARIABLE = YES;
				IPHONEOS_DEPLOYMENT_TARGET = 12.2;
				MTL_ENABLE_DEBUG_INFO = NO;
				MTL_FAST_MATH = YES;
				SDKROOT = iphoneos;
				SWIFT_COMPILATION_MODE = wholemodule;
				SWIFT_OPTIMIZATION_LEVEL = "-O";
				VALIDATE_PRODUCT = YES;
			};
			name = Release;
		};
		A0272A79224B04EC00854E82 /* Debug */ = {
			isa = XCBuildConfiguration;
			buildSettings = {
				ASSETCATALOG_COMPILER_APPICON_NAME = AppIcon;
				CODE_SIGN_IDENTITY = "iPhone Developer";
				CODE_SIGN_STYLE = Automatic;
				DEVELOPMENT_TEAM = "";
				INFOPLIST_FILE = Marvel/Info.plist;
				LD_RUNPATH_SEARCH_PATHS = (
					"$(inherited)",
					"@executable_path/Frameworks",
				);
				PRODUCT_BUNDLE_IDENTIFIER = br.com.lscardinali.Marvel;
				PRODUCT_NAME = "$(TARGET_NAME)";
				PROVISIONING_PROFILE_SPECIFIER = "";
				SWIFT_VERSION = 5.0;
				TARGETED_DEVICE_FAMILY = "1,2";
			};
			name = Debug;
		};
		A0272A7A224B04EC00854E82 /* Release */ = {
			isa = XCBuildConfiguration;
			buildSettings = {
				ASSETCATALOG_COMPILER_APPICON_NAME = AppIcon;
				CODE_SIGN_IDENTITY = "iPhone Developer";
				CODE_SIGN_STYLE = Automatic;
				DEVELOPMENT_TEAM = "";
				INFOPLIST_FILE = Marvel/Info.plist;
				LD_RUNPATH_SEARCH_PATHS = (
					"$(inherited)",
					"@executable_path/Frameworks",
				);
				PRODUCT_BUNDLE_IDENTIFIER = br.com.lscardinali.Marvel;
				PRODUCT_NAME = "$(TARGET_NAME)";
				PROVISIONING_PROFILE_SPECIFIER = "";
				SWIFT_VERSION = 5.0;
				TARGETED_DEVICE_FAMILY = "1,2";
			};
			name = Release;
		};
		A0272A7C224B04EC00854E82 /* Debug */ = {
			isa = XCBuildConfiguration;
			buildSettings = {
				ALWAYS_EMBED_SWIFT_STANDARD_LIBRARIES = YES;
				BUNDLE_LOADER = "$(TEST_HOST)";
				CODE_SIGN_STYLE = Automatic;
				DEVELOPMENT_TEAM = SY87M4P7NJ;
				INFOPLIST_FILE = MarvelTests/Info.plist;
				LD_RUNPATH_SEARCH_PATHS = (
					"$(inherited)",
					"@executable_path/Frameworks",
					"@loader_path/Frameworks",
				);
				PRODUCT_BUNDLE_IDENTIFIER = br.com.lscardinali.MarvelTests;
				PRODUCT_NAME = "$(TARGET_NAME)";
				SWIFT_VERSION = 5.0;
				TARGETED_DEVICE_FAMILY = "1,2";
				TEST_HOST = "$(BUILT_PRODUCTS_DIR)/Marvel.app/Marvel";
			};
			name = Debug;
		};
		A0272A7D224B04EC00854E82 /* Release */ = {
			isa = XCBuildConfiguration;
			buildSettings = {
				ALWAYS_EMBED_SWIFT_STANDARD_LIBRARIES = YES;
				BUNDLE_LOADER = "$(TEST_HOST)";
				CODE_SIGN_STYLE = Automatic;
				DEVELOPMENT_TEAM = SY87M4P7NJ;
				INFOPLIST_FILE = MarvelTests/Info.plist;
				LD_RUNPATH_SEARCH_PATHS = (
					"$(inherited)",
					"@executable_path/Frameworks",
					"@loader_path/Frameworks",
				);
				PRODUCT_BUNDLE_IDENTIFIER = br.com.lscardinali.MarvelTests;
				PRODUCT_NAME = "$(TARGET_NAME)";
				SWIFT_VERSION = 5.0;
				TARGETED_DEVICE_FAMILY = "1,2";
				TEST_HOST = "$(BUILT_PRODUCTS_DIR)/Marvel.app/Marvel";
			};
			name = Release;
		};
/* End XCBuildConfiguration section */

/* Begin XCConfigurationList section */
		A0272A56224B04EA00854E82 /* Build configuration list for PBXProject "Marvel" */ = {
			isa = XCConfigurationList;
			buildConfigurations = (
				A0272A76224B04EC00854E82 /* Debug */,
				A0272A77224B04EC00854E82 /* Release */,
			);
			defaultConfigurationIsVisible = 0;
			defaultConfigurationName = Release;
		};
		A0272A78224B04EC00854E82 /* Build configuration list for PBXNativeTarget "Marvel" */ = {
			isa = XCConfigurationList;
			buildConfigurations = (
				A0272A79224B04EC00854E82 /* Debug */,
				A0272A7A224B04EC00854E82 /* Release */,
			);
			defaultConfigurationIsVisible = 0;
			defaultConfigurationName = Release;
		};
		A0272A7B224B04EC00854E82 /* Build configuration list for PBXNativeTarget "MarvelTests" */ = {
			isa = XCConfigurationList;
			buildConfigurations = (
				A0272A7C224B04EC00854E82 /* Debug */,
				A0272A7D224B04EC00854E82 /* Release */,
			);
			defaultConfigurationIsVisible = 0;
			defaultConfigurationName = Release;
		};
/* End XCConfigurationList section */
	};
	rootObject = A0272A53224B04EA00854E82 /* Project object */;
}
